{
  "name": "test",
  "version": "1.0.0",
  "lockfileVersion": 1,
  "requires": true,
  "dependencies": {
    "dynamicwriter": {
      "version": "0.1.0",
      "resolved": "https://registry.npmjs.org/dynamicwriter/-/dynamicwriter-0.1.0.tgz",
      "integrity": "sha512-Df4K7iAZjQQMahPyoZiHLGET+49TYL5ZhIxhcFBLKOaC7b/zTI1wAqfxcwjWB6PTIkqGy6azf6EqUWtiJtPy8A=="
    }
  }
}
